{
    "_meta": {
        "hash": {
            "sha256": "3e954187a4d92a469cc21b56d2eae31f349f5dd7e859072e62017ae552722303"
        },
        "pipfile-spec": 6,
        "requires": {},
        "sources": [
            {
                "name": "pypi",
                "url": "https://pypi.python.org/simple",
                "verify_ssl": true
            }
        ]
    },
    "default": {
        "certifi": {
            "hashes": [
                "sha256:539cc1d13202e33ca466e88b2807e29f4c13049d6d87031a3c110744495cb082",
                "sha256:92d6037539857d8206b8f6ae472e8b77db8058fec5937a1ef3f54304089edbb9"
            ],
            "markers": "python_version >= '3.6'",
            "version": "==2023.7.22"
        },
        "charset-normalizer": {
            "hashes": [
                "sha256:02673e456dc5ab13659f85196c534dc596d4ef260e4d86e856c3b2773ce09843",
                "sha256:02af06682e3590ab952599fbadac535ede5d60d78848e555aa58d0c0abbde786",
                "sha256:03680bb39035fbcffe828eae9c3f8afc0428c91d38e7d61aa992ef7a59fb120e",
                "sha256:0570d21da019941634a531444364f2482e8db0b3425fcd5ac0c36565a64142c8",
                "sha256:09c77f964f351a7369cc343911e0df63e762e42bac24cd7d18525961c81754f4",
                "sha256:0d3d5b7db9ed8a2b11a774db2bbea7ba1884430a205dbd54a32d61d7c2a190fa",
                "sha256:1063da2c85b95f2d1a430f1c33b55c9c17ffaf5e612e10aeaad641c55a9e2b9d",
                "sha256:12ebea541c44fdc88ccb794a13fe861cc5e35d64ed689513a5c03d05b53b7c82",
                "sha256:153e7b6e724761741e0974fc4dcd406d35ba70b92bfe3fedcb497226c93b9da7",
                "sha256:15b26ddf78d57f1d143bdf32e820fd8935d36abe8a25eb9ec0b5a71c82eb3895",
                "sha256:1872d01ac8c618a8da634e232f24793883d6e456a66593135aeafe3784b0848d",
                "sha256:187d18082694a29005ba2944c882344b6748d5be69e3a89bf3cc9d878e548d5a",
                "sha256:1b2919306936ac6efb3aed1fbf81039f7087ddadb3160882a57ee2ff74fd2382",
                "sha256:232ac332403e37e4a03d209a3f92ed9071f7d3dbda70e2a5e9cff1c4ba9f0678",
                "sha256:23e8565ab7ff33218530bc817922fae827420f143479b753104ab801145b1d5b",
                "sha256:24817cb02cbef7cd499f7c9a2735286b4782bd47a5b3516a0e84c50eab44b98e",
                "sha256:249c6470a2b60935bafd1d1d13cd613f8cd8388d53461c67397ee6a0f5dce741",
                "sha256:24a91a981f185721542a0b7c92e9054b7ab4fea0508a795846bc5b0abf8118d4",
                "sha256:2502dd2a736c879c0f0d3e2161e74d9907231e25d35794584b1ca5284e43f596",
                "sha256:250c9eb0f4600361dd80d46112213dff2286231d92d3e52af1e5a6083d10cad9",
                "sha256:278c296c6f96fa686d74eb449ea1697f3c03dc28b75f873b65b5201806346a69",
                "sha256:2935ffc78db9645cb2086c2f8f4cfd23d9b73cc0dc80334bc30aac6f03f68f8c",
                "sha256:2f4a0033ce9a76e391542c182f0d48d084855b5fcba5010f707c8e8c34663d77",
                "sha256:30a85aed0b864ac88309b7d94be09f6046c834ef60762a8833b660139cfbad13",
                "sha256:380c4bde80bce25c6e4f77b19386f5ec9db230df9f2f2ac1e5ad7af2caa70459",
                "sha256:3ae38d325b512f63f8da31f826e6cb6c367336f95e418137286ba362925c877e",
                "sha256:3b447982ad46348c02cb90d230b75ac34e9886273df3a93eec0539308a6296d7",
                "sha256:3debd1150027933210c2fc321527c2299118aa929c2f5a0a80ab6953e3bd1908",
                "sha256:4162918ef3098851fcd8a628bf9b6a98d10c380725df9e04caf5ca6dd48c847a",
                "sha256:468d2a840567b13a590e67dd276c570f8de00ed767ecc611994c301d0f8c014f",
                "sha256:4cc152c5dd831641e995764f9f0b6589519f6f5123258ccaca8c6d34572fefa8",
                "sha256:542da1178c1c6af8873e143910e2269add130a299c9106eef2594e15dae5e482",
                "sha256:557b21a44ceac6c6b9773bc65aa1b4cc3e248a5ad2f5b914b91579a32e22204d",
                "sha256:5707a746c6083a3a74b46b3a631d78d129edab06195a92a8ece755aac25a3f3d",
                "sha256:588245972aca710b5b68802c8cad9edaa98589b1b42ad2b53accd6910dad3545",
                "sha256:5adf257bd58c1b8632046bbe43ee38c04e1038e9d37de9c57a94d6bd6ce5da34",
                "sha256:619d1c96099be5823db34fe89e2582b336b5b074a7f47f819d6b3a57ff7bdb86",
                "sha256:63563193aec44bce707e0c5ca64ff69fa72ed7cf34ce6e11d5127555756fd2f6",
                "sha256:67b8cc9574bb518ec76dc8e705d4c39ae78bb96237cb533edac149352c1f39fe",
                "sha256:6a685067d05e46641d5d1623d7c7fdf15a357546cbb2f71b0ebde91b175ffc3e",
                "sha256:70f1d09c0d7748b73290b29219e854b3207aea922f839437870d8cc2168e31cc",
                "sha256:750b446b2ffce1739e8578576092179160f6d26bd5e23eb1789c4d64d5af7dc7",
                "sha256:7966951325782121e67c81299a031f4c115615e68046f79b85856b86ebffc4cd",
                "sha256:7b8b8bf1189b3ba9b8de5c8db4d541b406611a71a955bbbd7385bbc45fcb786c",
                "sha256:7f5d10bae5d78e4551b7be7a9b29643a95aded9d0f602aa2ba584f0388e7a557",
                "sha256:805dfea4ca10411a5296bcc75638017215a93ffb584c9e344731eef0dcfb026a",
                "sha256:81bf654678e575403736b85ba3a7867e31c2c30a69bc57fe88e3ace52fb17b89",
                "sha256:82eb849f085624f6a607538ee7b83a6d8126df6d2f7d3b319cb837b289123078",
                "sha256:85a32721ddde63c9df9ebb0d2045b9691d9750cb139c161c80e500d210f5e26e",
                "sha256:86d1f65ac145e2c9ed71d8ffb1905e9bba3a91ae29ba55b4c46ae6fc31d7c0d4",
                "sha256:86f63face3a527284f7bb8a9d4f78988e3c06823f7bea2bd6f0e0e9298ca0403",
                "sha256:8eaf82f0eccd1505cf39a45a6bd0a8cf1c70dcfc30dba338207a969d91b965c0",
                "sha256:93aa7eef6ee71c629b51ef873991d6911b906d7312c6e8e99790c0f33c576f89",
                "sha256:96c2b49eb6a72c0e4991d62406e365d87067ca14c1a729a870d22354e6f68115",
                "sha256:9cf3126b85822c4e53aa28c7ec9869b924d6fcfb76e77a45c44b83d91afd74f9",
                "sha256:9fe359b2e3a7729010060fbca442ca225280c16e923b37db0e955ac2a2b72a05",
                "sha256:a0ac5e7015a5920cfce654c06618ec40c33e12801711da6b4258af59a8eff00a",
                "sha256:a3f93dab657839dfa61025056606600a11d0b696d79386f974e459a3fbc568ec",
                "sha256:a4b71f4d1765639372a3b32d2638197f5cd5221b19531f9245fcc9ee62d38f56",
                "sha256:aae32c93e0f64469f74ccc730a7cb21c7610af3a775157e50bbd38f816536b38",
                "sha256:aaf7b34c5bc56b38c931a54f7952f1ff0ae77a2e82496583b247f7c969eb1479",
                "sha256:abecce40dfebbfa6abf8e324e1860092eeca6f7375c8c4e655a8afb61af58f2c",
                "sha256:abf0d9f45ea5fb95051c8bfe43cb40cda383772f7e5023a83cc481ca2604d74e",
                "sha256:ac71b2977fb90c35d41c9453116e283fac47bb9096ad917b8819ca8b943abecd",
                "sha256:ada214c6fa40f8d800e575de6b91a40d0548139e5dc457d2ebb61470abf50186",
                "sha256:b09719a17a2301178fac4470d54b1680b18a5048b481cb8890e1ef820cb80455",
                "sha256:b1121de0e9d6e6ca08289583d7491e7fcb18a439305b34a30b20d8215922d43c",
                "sha256:b3b2316b25644b23b54a6f6401074cebcecd1244c0b8e80111c9a3f1c8e83d65",
                "sha256:b3d9b48ee6e3967b7901c052b670c7dda6deb812c309439adaffdec55c6d7b78",
                "sha256:b5bcf60a228acae568e9911f410f9d9e0d43197d030ae5799e20dca8df588287",
                "sha256:b8f3307af845803fb0b060ab76cf6dd3a13adc15b6b451f54281d25911eb92df",
                "sha256:c2af80fb58f0f24b3f3adcb9148e6203fa67dd3f61c4af146ecad033024dde43",
                "sha256:c350354efb159b8767a6244c166f66e67506e06c8924ed74669b2c70bc8735b1",
                "sha256:c5a74c359b2d47d26cdbbc7845e9662d6b08a1e915eb015d044729e92e7050b7",
                "sha256:c71f16da1ed8949774ef79f4a0260d28b83b3a50c6576f8f4f0288d109777989",
                "sha256:d47ecf253780c90ee181d4d871cd655a789da937454045b17b5798da9393901a",
                "sha256:d7eff0f27edc5afa9e405f7165f85a6d782d308f3b6b9d96016c010597958e63",
                "sha256:d97d85fa63f315a8bdaba2af9a6a686e0eceab77b3089af45133252618e70884",
                "sha256:db756e48f9c5c607b5e33dd36b1d5872d0422e960145b08ab0ec7fd420e9d649",
                "sha256:dc45229747b67ffc441b3de2f3ae5e62877a282ea828a5bdb67883c4ee4a8810",
                "sha256:e0fc42822278451bc13a2e8626cf2218ba570f27856b536e00cfa53099724828",
                "sha256:e39c7eb31e3f5b1f88caff88bcff1b7f8334975b46f6ac6e9fc725d829bc35d4",
                "sha256:e46cd37076971c1040fc8c41273a8b3e2c624ce4f2be3f5dfcb7a430c1d3acc2",
                "sha256:e5c1502d4ace69a179305abb3f0bb6141cbe4714bc9b31d427329a95acfc8bdd",
                "sha256:edfe077ab09442d4ef3c52cb1f9dab89bff02f4524afc0acf2d46be17dc479f5",
                "sha256:effe5406c9bd748a871dbcaf3ac69167c38d72db8c9baf3ff954c344f31c4cbe",
                "sha256:f0d1e3732768fecb052d90d62b220af62ead5748ac51ef61e7b32c266cac9293",
                "sha256:f5969baeaea61c97efa706b9b107dcba02784b1601c74ac84f2a532ea079403e",
                "sha256:f8888e31e3a85943743f8fc15e71536bda1c81d5aa36d014a3c0c44481d7db6e",
                "sha256:fc52b79d83a3fe3a360902d3f5d79073a993597d48114c29485e9431092905d8"
            ],
            "markers": "python_full_version >= '3.7.0'",
            "version": "==3.3.0"
        },
        "humanize": {
            "hashes": [
                "sha256:8bc9e2bb9315e61ec06bf690151ae35aeb65651ab091266941edf97c90836404",
                "sha256:9783373bf1eec713a770ecaa7c2d7a7902c98398009dfa3d8a2df91eec9311e8"
            ],
            "index": "pypi",
            "markers": "python_version >= '3.8'",
            "version": "==4.8.0"
        },
        "idna": {
            "hashes": [
                "sha256:814f528e8dead7d329833b91c5faa87d60bf71824cd12a7530b5526063d02cb4",
                "sha256:90b77e79eaa3eba6de819a0c442c0b4ceefc341a7a2ab77d7562bf49f425c5c2"
            ],
            "markers": "python_version >= '3.5'",
            "version": "==3.4"
        },
        "prettyformatter": {
            "hashes": [
                "sha256:a719caca66590ca266fb8418bdc2a54e29666c73d4f7609bddd110167c7d45b3",
                "sha256:ff6e20da06667a6c07394a82908fb46f747e6d933bfeeaa7532334e19b38c9ab"
            ],
            "index": "pypi",
            "markers": "python_version >= '3.5'",
            "version": "==2.0.13"
        },
        "pyqt5": {
            "hashes": [
                "sha256:883ba5c8a348be78c8be6a3d3ba014c798e679503bce00d76c666c2dc6afe828",
                "sha256:dc41e8401a90dc3e2b692b411bd5492ab559ae27a27424eed4bd3915564ec4c0",
                "sha256:dd5ce10e79fbf1df29507d2daf99270f2057cdd25e4de6fbf2052b46c652e3a5",
                "sha256:e030d795df4cbbfcf4f38b18e2e119bcc9e177ef658a5094b87bb16cac0ce4c5",
                "sha256:e45c5cc15d4fd26ab5cb0e5cdba60691a3e9086411f8e3662db07a5a4222a696"
            ],
            "index": "pypi",
            "markers": "python_version >= '3.7'",
            "version": "==5.15.9"
        },
        "pyqt5-qt5": {
            "hashes": [
                "sha256:1988f364ec8caf87a6ee5d5a3a5210d57539988bf8e84714c7d60972692e2f4a",
                "sha256:750b78e4dba6bdf1607febedc08738e318ea09e9b10aea9ff0d73073f11f6962",
                "sha256:76980cd3d7ae87e3c7a33bfebfaee84448fd650bad6840471d6cae199b56e154",
                "sha256:9cc7a768b1921f4b982ebc00a318ccb38578e44e45316c7a4a850e953e1dd327"
            ],
            "version": "==5.15.2"
        },
        "pyqt5-sip": {
            "hashes": [
                "sha256:0f85fb633a522f04e48008de49dce1ff1d947011b48885b8428838973fbca412",
                "sha256:108a15f603e1886988c4b0d9d41cb74c9f9815bf05cefc843d559e8c298a10ce",
                "sha256:1c8371682f77852256f1f2d38c41e2e684029f43330f0635870895ab01c02f6c",
                "sha256:205cd449d08a2b024a468fb6100cd7ed03e946b4f49706f508944006f955ae1a",
                "sha256:29fa9cc964517c9fc3f94f072b9a2aeef4e7a2eda1879cb835d9e06971161cdf",
                "sha256:3188a06956aef86f604fb0d14421a110fad70d2a9e943dbacbfc3303f651dade",
                "sha256:3a4498f3b1b15f43f5d12963accdce0fd652b0bcaae6baf8008663365827444c",
                "sha256:5338773bbaedaa4f16a73c142fb23cc18c327be6c338813af70260b756c7bc92",
                "sha256:6e4ac714252370ca037c7d609da92388057165edd4f94e63354f6d65c3ed9d53",
                "sha256:773731b1b5ab1a7cf5621249f2379c95e3d2905e9bd96ff3611b119586daa876",
                "sha256:7f321daf84b9c9dbca61b80e1ef37bdaffc0e93312edae2cd7da25b953971d91",
                "sha256:7fe3375b508c5bc657d73b9896bba8a768791f1f426c68053311b046bcebdddf",
                "sha256:96414c93f3d33963887cf562d50d88b955121fbfd73f937c8eca46643e77bf61",
                "sha256:9a8cdd6cb66adcbe5c941723ed1544eba05cf19b6c961851b58ccdae1c894afb",
                "sha256:9b984c2620a7a7eaf049221b09ae50a345317add2624c706c7d2e9e6632a9587",
                "sha256:a7e3623b2c743753625c4650ec7696362a37fb36433b61824cf257f6d3d43cca",
                "sha256:bbc7cd498bf19e0862097be1ad2243e824dea56726f00c11cff1b547c2d31d01",
                "sha256:d5032da3fff62da055104926ffe76fd6044c1221f8ad35bb60804bcb422fe866",
                "sha256:db228cd737f5cbfc66a3c3e50042140cb80b30b52edc5756dbbaa2346ec73137",
                "sha256:ec60162e034c42fb99859206d62b83b74f987d58937b3a82bdc07b5c3d190dec",
                "sha256:fb4a5271fa3f6bc2feb303269a837a95a6d8dd16be553aa40e530de7fb81bfdf"
            ],
            "markers": "python_version >= '3.7'",
            "version": "==12.13.0"
        },
        "requests": {
            "hashes": [
                "sha256:58cd2187c01e70e6e26505bca751777aa9f2ee0b7f4300988b709f44e013003f",
                "sha256:942c5a758f98d790eaed1a29cb6eefc7ffb0d1cf7af05c3d2791656dbd6ad1e1"
            ],
            "index": "pypi",
            "markers": "python_version >= '3.7'",
            "version": "==2.31.0"
        },
        "urllib3": {
            "hashes": [
                "sha256:c97dfde1f7bd43a71c8d2a58e369e9b2bf692d1334ea9f9cae55add7d0dd0f84",
                "sha256:fdb6d215c776278489906c2f8916e6e7d4f5a9b602ccbcfdf7f016fc8da0596e"
            ],
            "index": "pypi",
            "markers": "python_version >= '3.7'",
            "version": "==2.0.7"
        }
    },
    "develop": {
        "altgraph": {
            "hashes": [
                "sha256:1b5afbb98f6c4dcadb2e2ae6ab9fa994bbb8c1d75f4fa96d340f9437ae454406",
                "sha256:642743b4750de17e655e6711601b077bc6598dbfa3ba5fa2b2a35ce12b508dff"
            ],
            "version": "==0.17.4"
        },
        "autopep8": {
            "hashes": [
                "sha256:067959ca4a07b24dbd5345efa8325f5f58da4298dab0dde0443d5ed765de80cb",
                "sha256:2913064abd97b3419d1cc83ea71f042cb821f87e45b9c88cad5ad3c4ea87fe0c"
            ],
            "index": "pypi",
            "markers": "python_version >= '3.6'",
            "version": "==2.0.4"
        },
        "macholib": {
            "markers": "sys_platform == 'darwin'",
            "version": "*"
        },
        "packaging": {
            "hashes": [
                "sha256:048fb0e9405036518eaaf48a55953c750c11e1a1b68e0dd1a9d62ed0c092cfc5",
                "sha256:8c491190033a9af7e1d931d0b5dacc2ef47509b34dd0de67ed209b5203fc88c7"
            ],
            "markers": "python_version >= '3.7'",
            "version": "==23.2"
        },
        "pefile": {
            "markers": "sys_platform == 'win32'",
            "version": "*"
        },
        "pycodestyle": {
            "hashes": [
                "sha256:41ba0e7afc9752dfb53ced5489e89f8186be00e599e712660695b7a75ff2663f",
                "sha256:44fe31000b2d866f2e41841b18528a505fbd7fef9017b04eff4e2648a0fadc67"
            ],
            "markers": "python_version >= '3.8'",
            "version": "==2.11.1"
        },
        "pyinstaller": {
            "hashes": [
                "sha256:0ad7cc3776ca17d0bededcc352cba2b1c89eb4817bfabaf05972b9da8c424935",
                "sha256:16a473065291dd7879bf596fa20e65bd9d1e8aafc2cef1bffa3e42e707e2e68e",
                "sha256:438a9e0d72a57d5bba4f112d256e39ea4033c76c65414c0693d8311faa14b090",
                "sha256:4a75bde5cda259bb31f2294960d75b9d5c148001b2b0bd20a91f9c2116675a6c",
                "sha256:52e5b3a2371d7231de17515c7c78d8d4a39d70c8c095e71d55b3b83434a193a8",
                "sha256:5314f6f08d2bcbc031778618ba97d9098d106119c2e616b3b081171fe42f5415",
                "sha256:68769f5e6722474bb1038e35560444659db8b951388bfe0c669bb52a640cd0eb",
                "sha256:aa922d1d73881d0820a341d2c406a571cc94630bdcdc275427c844a12e6e376e",
                "sha256:cccdad6cfe7a5db7d7eb8df2e5678f8375268739d5933214e180da300aa54e37",
                "sha256:d702cff041f30e7a53500b630e07b081e5328d4655023319253d73935e75ade2",
                "sha256:d84b06fb9002109bfc542e76860b81459a8585af0bbdabcfc5dcf272ef230de7",
                "sha256:fb6af82989dac7c58bd25ed9ba3323bc443f8c1f03804f69c9f5e363bf4a021c"
            ],
            "index": "pypi",
            "markers": "python_version < '3.13' and python_version >= '3.8'",
            "version": "==6.0.0"
        },
        "pyinstaller-hooks-contrib": {
            "hashes": [
                "sha256:4b4a998036abb713774cb26534ca06b7e6e09e4c628196017a10deb11a48747f",
                "sha256:6dc1786a8f452941245d5bb85893e2a33632ebdcbc4c23eea41f2ee08281b0c0"
            ],
            "markers": "python_version >= '3.7'",
            "version": "==2023.10"
        },
        "pywin32": {
            "markers": "sys_platform == 'win32'",
            "version": "*"
        },
        "pywin32-ctypes": {
            "markers": "sys_platform == 'win32'",
            "version": "*"
        },
        "setuptools": {
            "hashes": [
                "sha256:4ac1475276d2f1c48684874089fefcd83bd7162ddaafb81fac866ba0db282a87",
                "sha256:b454a35605876da60632df1a60f736524eb73cc47bbc9f3f1ef1b644de74fd2a"
            ],
            "markers": "python_version >= '3.8'",
            "version": "==68.2.2"
        }
    }
}
